
Microsoft Visual Studio Solution File, Format Version 12.00
# Visual Studio Version 16
VisualStudioVersion = 16.0.29613.14
MinimumVisualStudioVersion = 10.0.40219.1
Project("{FAE04EC0-301F-11D3-BF4B-00C04F79EFBC}") = "InteractionWithGeometricFugireTests", "test\unitTests\InteractionWithGeometricFugireTests\InteractionWithGeometricFugireTests.csproj", "{371FB86C-F1CE-4267-BC72-D5FFB3723764}"
EndProject
Project("{FAE04EC0-301F-11D3-BF4B-00C04F79EFBC}") = "InteractionWithGeometricFugire", "src\InteractionWithGeometricFugire\InteractionWithGeometricFugire.csproj", "{E971063C-2D50-4828-A9EA-2042A6C539A5}"
EndProject
Project("{FAE04EC0-301F-11D3-BF4B-00C04F79EFBC}") = "ConsoleUI", "src\ConsoleUI\ConsoleUI.csproj", "{79CE1383-420E-459B-8F48-966BA66EEB89}"
EndProject
Global
	GlobalSection(SolutionConfigurationPlatforms) = preSolution
		Debug|Any CPU = Debug|Any CPU
		Release|Any CPU = Release|Any CPU
	EndGlobalSection
	GlobalSection(ProjectConfigurationPlatforms) = postSolution
		{371FB86C-F1CE-4267-BC72-D5FFB3723764}.Debug|Any CPU.ActiveCfg = Debug|Any CPU
		{371FB86C-F1CE-4267-BC72-D5FFB3723764}.Debug|Any CPU.Build.0 = Debug|Any CPU
		{371FB86C-F1CE-4267-BC72-D5FFB3723764}.Release|Any CPU.ActiveCfg = Release|Any CPU
		{371FB86C-F1CE-4267-BC72-D5FFB3723764}.Release|Any CPU.Build.0 = Release|Any CPU
		{E971063C-2D50-4828-A9EA-2042A6C539A5}.Debug|Any CPU.ActiveCfg = Debug|Any CPU
		{E971063C-2D50-4828-A9EA-2042A6C539A5}.Debug|Any CPU.Build.0 = Debug|Any CPU
		{E971063C-2D50-4828-A9EA-2042A6C539A5}.Release|Any CPU.ActiveCfg = Release|Any CPU
		{E971063C-2D50-4828-A9EA-2042A6C539A5}.Release|Any CPU.Build.0 = Release|Any CPU
		{79CE1383-420E-459B-8F48-966BA66EEB89}.Debug|Any CPU.ActiveCfg = Debug|Any CPU
		{79CE1383-420E-459B-8F48-966BA66EEB89}.Debug|Any CPU.Build.0 = Debug|Any CPU
		{79CE1383-420E-459B-8F48-966BA66EEB89}.Release|Any CPU.ActiveCfg = Release|Any CPU
		{79CE1383-420E-459B-8F48-966BA66EEB89}.Release|Any CPU.Build.0 = Release|Any CPU
	EndGlobalSection
	GlobalSection(SolutionProperties) = preSolution
		HideSolutionNode = FALSE
	EndGlobalSection
	GlobalSection(ExtensibilityGlobals) = postSolution
		SolutionGuid = {818901E9-0DFB-46A9-A5AB-2CC469A94B4E}
	EndGlobalSection
EndGlobal
